
Microsoft Visual Studio Solution File, Format Version 12.00
# Visual Studio Version 16
VisualStudioVersion = 16.0.29403.142
MinimumVisualStudioVersion = 10.0.40219.1
Project("{FAE04EC0-301F-11D3-BF4B-00C04F79EFBC}") = "AdventOfCode2018", "ConsoleApp1\AdventOfCode2018.csproj", "{5DBAB716-122A-49CB-AEEA-D52566D60B39}"
EndProject
Global
	GlobalSection(SolutionConfigurationPlatforms) = preSolution
		Debug|Any CPU = Debug|Any CPU
		Release|Any CPU = Release|Any CPU
	EndGlobalSection
	GlobalSection(ProjectConfigurationPlatforms) = postSolution
		{5DBAB716-122A-49CB-AEEA-D52566D60B39}.Debug|Any CPU.ActiveCfg = Debug|Any CPU
		{5DBAB716-122A-49CB-AEEA-D52566D60B39}.Debug|Any CPU.Build.0 = Debug|Any CPU
		{5DBAB716-122A-49CB-AEEA-D52566D60B39}.Release|Any CPU.ActiveCfg = Release|Any CPU
		{5DBAB716-122A-49CB-AEEA-D52566D60B39}.Release|Any CPU.Build.0 = Release|Any CPU
	EndGlobalSection
	GlobalSection(SolutionProperties) = preSolution
		HideSolutionNode = FALSE
	EndGlobalSection
	GlobalSection(ExtensibilityGlobals) = postSolution
		SolutionGuid = {AE7882AD-AF14-49ED-9F1C-9D7017302A73}
	EndGlobalSection
EndGlobal
